
Microsoft Visual Studio Solution File, Format Version 12.00
# Visual Studio Version 17
VisualStudioVersion = 17.8.34322.80
MinimumVisualStudioVersion = 10.0.40219.1
Project("{9A19103F-16F7-4668-BE54-9A1E7A4F7556}") = "ConsoleApp_AddressBook", "ConsoleApp_AdressBook\ConsoleApp_AddressBook.csproj", "{23BA3EE1-2AC1-46A2-A3BD-D9CFF1833533}"
EndProject
Project("{9A19103F-16F7-4668-BE54-9A1E7A4F7556}") = "ClassLibrary.Shared", "ClassLibrary.Shared\ClassLibrary.Shared.csproj", "{A4AD2DBB-AE55-40F1-8E55-908E19C85332}"
EndProject
Project("{FAE04EC0-301F-11D3-BF4B-00C04F79EFBC}") = "Maui_AddressBook", "Maui_AddressBook\Maui_AddressBook.csproj", "{CBEB663D-C51B-45FE-959F-CF6DF825A9DB}"
EndProject
Global
	GlobalSection(SolutionConfigurationPlatforms) = preSolution
		Debug|Any CPU = Debug|Any CPU
		Release|Any CPU = Release|Any CPU
	EndGlobalSection
	GlobalSection(ProjectConfigurationPlatforms) = postSolution
		{23BA3EE1-2AC1-46A2-A3BD-D9CFF1833533}.Debug|Any CPU.ActiveCfg = Debug|Any CPU
		{23BA3EE1-2AC1-46A2-A3BD-D9CFF1833533}.Debug|Any CPU.Build.0 = Debug|Any CPU
		{23BA3EE1-2AC1-46A2-A3BD-D9CFF1833533}.Release|Any CPU.ActiveCfg = Release|Any CPU
		{23BA3EE1-2AC1-46A2-A3BD-D9CFF1833533}.Release|Any CPU.Build.0 = Release|Any CPU
		{A4AD2DBB-AE55-40F1-8E55-908E19C85332}.Debug|Any CPU.ActiveCfg = Debug|Any CPU
		{A4AD2DBB-AE55-40F1-8E55-908E19C85332}.Debug|Any CPU.Build.0 = Debug|Any CPU
		{A4AD2DBB-AE55-40F1-8E55-908E19C85332}.Release|Any CPU.ActiveCfg = Release|Any CPU
		{A4AD2DBB-AE55-40F1-8E55-908E19C85332}.Release|Any CPU.Build.0 = Release|Any CPU
		{CBEB663D-C51B-45FE-959F-CF6DF825A9DB}.Debug|Any CPU.ActiveCfg = Debug|Any CPU
		{CBEB663D-C51B-45FE-959F-CF6DF825A9DB}.Debug|Any CPU.Build.0 = Debug|Any CPU
		{CBEB663D-C51B-45FE-959F-CF6DF825A9DB}.Debug|Any CPU.Deploy.0 = Debug|Any CPU
		{CBEB663D-C51B-45FE-959F-CF6DF825A9DB}.Release|Any CPU.ActiveCfg = Release|Any CPU
		{CBEB663D-C51B-45FE-959F-CF6DF825A9DB}.Release|Any CPU.Build.0 = Release|Any CPU
		{CBEB663D-C51B-45FE-959F-CF6DF825A9DB}.Release|Any CPU.Deploy.0 = Release|Any CPU
	EndGlobalSection
	GlobalSection(SolutionProperties) = preSolution
		HideSolutionNode = FALSE
	EndGlobalSection
	GlobalSection(ExtensibilityGlobals) = postSolution
		SolutionGuid = {BC1CE786-7157-42C0-A0C5-8C40E8DE94C8}
	EndGlobalSection
EndGlobal
